
Microsoft Visual Studio Solution File, Format Version 12.00
# Visual Studio Version 16
VisualStudioVersion = 16.0.31424.327
MinimumVisualStudioVersion = 10.0.40219.1
Project("{9A19103F-16F7-4668-BE54-9A1E7A4F7556}") = "Week7.EquazioneGrado2.Test", "Week7.EquazioneGrado2.Test\Week7.EquazioneGrado2.Test.csproj", "{151AC73A-1FA1-4F1C-9532-DDC1C78C8B4D}"
EndProject
Project("{9A19103F-16F7-4668-BE54-9A1E7A4F7556}") = "Week7.EquazioneGrado2.Core", "Week7.EquazioneGrado2.Core\Week7.EquazioneGrado2.Core.csproj", "{55739A62-F967-45B6-9828-79DCAE9E17A3}"
EndProject
Project("{9A19103F-16F7-4668-BE54-9A1E7A4F7556}") = "Week7.EquazioneGrado2.Test.WinForm", "Week7.EquazioneGrado2.Test.WinForm\Week7.EquazioneGrado2.Test.WinForm.csproj", "{D337BF2B-E5D6-4227-B239-8257681B06EB}"
EndProject
Project("{FAE04EC0-301F-11D3-BF4B-00C04F79EFBC}") = "Week7.EquazioneGrado2.Test.WPF", "Week7.EquazioneGrado2.Test.WPF\Week7.EquazioneGrado2.Test.WPF.csproj", "{66E02A84-AF31-42F5-BCFB-84B1090C2593}"
EndProject
Global
	GlobalSection(SolutionConfigurationPlatforms) = preSolution
		Debug|Any CPU = Debug|Any CPU
		Release|Any CPU = Release|Any CPU
	EndGlobalSection
	GlobalSection(ProjectConfigurationPlatforms) = postSolution
		{151AC73A-1FA1-4F1C-9532-DDC1C78C8B4D}.Debug|Any CPU.ActiveCfg = Debug|Any CPU
		{151AC73A-1FA1-4F1C-9532-DDC1C78C8B4D}.Debug|Any CPU.Build.0 = Debug|Any CPU
		{151AC73A-1FA1-4F1C-9532-DDC1C78C8B4D}.Release|Any CPU.ActiveCfg = Release|Any CPU
		{151AC73A-1FA1-4F1C-9532-DDC1C78C8B4D}.Release|Any CPU.Build.0 = Release|Any CPU
		{55739A62-F967-45B6-9828-79DCAE9E17A3}.Debug|Any CPU.ActiveCfg = Debug|Any CPU
		{55739A62-F967-45B6-9828-79DCAE9E17A3}.Debug|Any CPU.Build.0 = Debug|Any CPU
		{55739A62-F967-45B6-9828-79DCAE9E17A3}.Release|Any CPU.ActiveCfg = Release|Any CPU
		{55739A62-F967-45B6-9828-79DCAE9E17A3}.Release|Any CPU.Build.0 = Release|Any CPU
		{D337BF2B-E5D6-4227-B239-8257681B06EB}.Debug|Any CPU.ActiveCfg = Debug|Any CPU
		{D337BF2B-E5D6-4227-B239-8257681B06EB}.Debug|Any CPU.Build.0 = Debug|Any CPU
		{D337BF2B-E5D6-4227-B239-8257681B06EB}.Release|Any CPU.ActiveCfg = Release|Any CPU
		{D337BF2B-E5D6-4227-B239-8257681B06EB}.Release|Any CPU.Build.0 = Release|Any CPU
		{66E02A84-AF31-42F5-BCFB-84B1090C2593}.Debug|Any CPU.ActiveCfg = Debug|Any CPU
		{66E02A84-AF31-42F5-BCFB-84B1090C2593}.Debug|Any CPU.Build.0 = Debug|Any CPU
		{66E02A84-AF31-42F5-BCFB-84B1090C2593}.Release|Any CPU.ActiveCfg = Release|Any CPU
		{66E02A84-AF31-42F5-BCFB-84B1090C2593}.Release|Any CPU.Build.0 = Release|Any CPU
	EndGlobalSection
	GlobalSection(SolutionProperties) = preSolution
		HideSolutionNode = FALSE
	EndGlobalSection
	GlobalSection(ExtensibilityGlobals) = postSolution
		SolutionGuid = {C45E6D03-6EDE-49E5-89B6-1A60EFB8D8AE}
	EndGlobalSection
EndGlobal
